
Microsoft Visual Studio Solution File, Format Version 12.00
# Visual Studio Version 17
VisualStudioVersion = 17.0.31903.59
MinimumVisualStudioVersion = 10.0.40219.1
Project("{FAE04EC0-301F-11D3-BF4B-00C04F79EFBC}") = "CalculoImpostoDeRenda", "CalculoImpostoDeRenda\CalculoImpostoDeRenda.csproj", "{B7BE02E6-7F41-4542-8D5A-8EF878DEADCB}"
EndProject
Project("{FAE04EC0-301F-11D3-BF4B-00C04F79EFBC}") = "Lista3_Ex3", "Lista3_Ex3\Lista3_Ex3.csproj", "{8FBD2687-DF96-4BAC-81B9-0940BDE1268B}"
EndProject
Project("{FAE04EC0-301F-11D3-BF4B-00C04F79EFBC}") = "Lista1_Ex1", "Lista1_Ex1\Lista1_Ex1.csproj", "{84895056-DB12-4271-8ABA-54A100E739F2}"
EndProject
Project("{FAE04EC0-301F-11D3-BF4B-00C04F79EFBC}") = "Lista1_Ex2", "Lista1_Ex2\Lista1_Ex2.csproj", "{B738FB93-839A-4729-95F0-674C01C7B925}"
EndProject
Project("{FAE04EC0-301F-11D3-BF4B-00C04F79EFBC}") = "Lista1_Ex3", "Lista1_Ex3\Lista1_Ex3.csproj", "{9AA11F25-3C34-44EE-BF10-FCE59DA0842E}"
EndProject
Project("{FAE04EC0-301F-11D3-BF4B-00C04F79EFBC}") = "Lista1_Ex4", "Lista1_Ex4\Lista1_Ex4.csproj", "{24D3FC76-D2A9-4F19-A64A-E6F03C805E0F}"
EndProject
Project("{FAE04EC0-301F-11D3-BF4B-00C04F79EFBC}") = "Lista1_Ex5", "Lista1_Ex5\Lista1_Ex5.csproj", "{BA5B3892-19C6-454A-B4C4-6A7FC8B6798F}"
EndProject
Project("{FAE04EC0-301F-11D3-BF4B-00C04F79EFBC}") = "Lista1_Ex6", "Lista1_Ex6\Lista1_Ex6.csproj", "{135EDF3D-16E7-4C5F-97C3-C6C7660511B8}"
EndProject
Project("{FAE04EC0-301F-11D3-BF4B-00C04F79EFBC}") = "Lista2_Ex1", "Lista2_Ex1\Lista2_Ex1.csproj", "{DAE1E95B-69F1-4A63-BA88-1E8F5C7C0298}"
EndProject
Project("{FAE04EC0-301F-11D3-BF4B-00C04F79EFBC}") = "Lista2_Ex2", "Lista2_Ex2\Lista2_Ex2.csproj", "{69651734-96BA-4B60-B6A1-0F905DE17E73}"
EndProject
Project("{FAE04EC0-301F-11D3-BF4B-00C04F79EFBC}") = "Lista2_Ex3", "Lista2_Ex3\Lista2_Ex3.csproj", "{66E2CC4C-E9C8-4400-A847-37E7655A3DEC}"
EndProject
Project("{FAE04EC0-301F-11D3-BF4B-00C04F79EFBC}") = "Lista2_Ex4", "Lista2_Ex4\Lista2_Ex4.csproj", "{41D6C906-46F4-48BE-A81B-57FC0CE589B3}"
EndProject
Project("{FAE04EC0-301F-11D3-BF4B-00C04F79EFBC}") = "Lista3_Ex4", "Lista3_Ex4\Lista3_Ex4.csproj", "{C548B026-0D89-4312-BA2E-9FE54EDC92EB}"
EndProject
Project("{FAE04EC0-301F-11D3-BF4B-00C04F79EFBC}") = "ExemploSwitchCase1", "ExemploSwitchCase1\ExemploSwitchCase1.csproj", "{48D95DB6-0E89-4806-87B8-523D4710DFB4}"
EndProject
Project("{FAE04EC0-301F-11D3-BF4B-00C04F79EFBC}") = "ExemploSwitchCase2", "ExemploSwitchCase2\ExemploSwitchCase2.csproj", "{5921B8F9-0F08-4002-A561-76CC84A47E1B}"
EndProject
Project("{FAE04EC0-301F-11D3-BF4B-00C04F79EFBC}") = "ExemploSwitchCase3", "ExemploSwitchCase3\ExemploSwitchCase3.csproj", "{706B07EB-2F62-498D-A6B4-565D5917E116}"
EndProject
Project("{FAE04EC0-301F-11D3-BF4B-00C04F79EFBC}") = "Lista4_Ex3", "Lista4_Ex3\Lista4_Ex3.csproj", "{B8A13AEA-A1E4-4311-AFD4-F30304AB09EB}"
EndProject
Project("{FAE04EC0-301F-11D3-BF4B-00C04F79EFBC}") = "Lista5_Ex1", "Lista5_Ex1\Lista5_Ex1.csproj", "{442C4243-B947-4640-9AA8-2235C2AC31A5}"
EndProject
Project("{FAE04EC0-301F-11D3-BF4B-00C04F79EFBC}") = "Lista4_Ex4", "Lista4_Ex4\Lista4_Ex4.csproj", "{51DFEB4C-9C7A-42DE-9311-451934F0B834}"
EndProject
Project("{FAE04EC0-301F-11D3-BF4B-00C04F79EFBC}") = "Lista4_Ex2", "Lista4_Ex2\Lista4_Ex2.csproj", "{F213D1C0-9438-41A5-8830-7631AD820EA4}"
EndProject
Project("{FAE04EC0-301F-11D3-BF4B-00C04F79EFBC}") = "ExemploWhile1", "ExemploWhile1\ExemploWhile1.csproj", "{61ABEBA1-1235-4E03-BC6B-AFBFC3858106}"
EndProject
Project("{FAE04EC0-301F-11D3-BF4B-00C04F79EFBC}") = "Lista5_Ex1_V2", "Lista5_Ex1_V2\Lista5_Ex1_V2.csproj", "{2EB36293-FBEB-4391-9DEC-2AD9D2B4941C}"
EndProject
Project("{FAE04EC0-301F-11D3-BF4B-00C04F79EFBC}") = "Lista5_Ex2", "Lista5_Ex2\Lista5_Ex2.csproj", "{76B111B9-9B6A-4A71-B465-052332388013}"
EndProject
Project("{FAE04EC0-301F-11D3-BF4B-00C04F79EFBC}") = "Lista5_Ex4", "Lista5_Ex4\Lista5_Ex4.csproj", "{2B6B2F4B-A370-4C41-BB3D-6F8E7B0852DA}"
EndProject
Project("{FAE04EC0-301F-11D3-BF4B-00C04F79EFBC}") = "Lista5_Ex5", "Lista5_Ex5\Lista5_Ex5.csproj", "{DC23B589-6DB8-4B17-A985-EE0BD9675950}"
EndProject
Project("{FAE04EC0-301F-11D3-BF4B-00C04F79EFBC}") = "Lista5_Ex6", "Lista5_Ex6\Lista5_Ex6.csproj", "{18A9B612-F6ED-40A2-8279-C61D9ACC39A2}"
EndProject
Project("{FAE04EC0-301F-11D3-BF4B-00C04F79EFBC}") = "Lista5_Ex7", "Lista6_Ex7\Lista6_Ex7.csproj", "{2A767493-1BE8-4EF0-BDBC-88BDA7B86C9F}"
EndProject
Project("{FAE04EC0-301F-11D3-BF4B-00C04F79EFBC}") = "Lista5_Ex7", "Lista5_Ex7\Lista5_Ex7.csproj", "{24CB5532-42D7-4F20-85EA-DD49B8FC43E7}"
EndProject
Project("{FAE04EC0-301F-11D3-BF4B-00C04F79EFBC}") = "Lista5_Ex8", "Lista5_Ex8\Lista5_Ex8.csproj", "{FA09FCFB-099B-40EA-8AE3-CF45C542B01C}"
EndProject
Project("{FAE04EC0-301F-11D3-BF4B-00C04F79EFBC}") = "Lista6_Ex1", "Lista6_Ex1\Lista6_Ex1.csproj", "{0CC35702-F140-4303-B385-D07EDE42F36F}"
EndProject
Project("{FAE04EC0-301F-11D3-BF4B-00C04F79EFBC}") = "Lista6_Ex2", "Lista6_Ex2\Lista6_Ex2.csproj", "{3B1790B8-A83D-4453-9B85-B43A0598500E}"
EndProject
Project("{FAE04EC0-301F-11D3-BF4B-00C04F79EFBC}") = "Lista6_Ex3", "Lista6_Ex3\Lista6_Ex3.csproj", "{3E048BB4-AC54-44FC-9C9E-7F24CC3B7DA8}"
EndProject
Project("{FAE04EC0-301F-11D3-BF4B-00C04F79EFBC}") = "Lista6_Ex4", "Lista6_Ex4\Lista6_Ex4.csproj", "{174D3657-E740-475E-AE58-5109F4ECEA53}"
EndProject
Project("{FAE04EC0-301F-11D3-BF4B-00C04F79EFBC}") = "Lista6_Ex5", "Lista6_Ex5\Lista6_Ex5.csproj", "{802B08A2-FD34-47C3-B84F-21874C066AE4}"
EndProject
Project("{FAE04EC0-301F-11D3-BF4B-00C04F79EFBC}") = "Lista6_Ex6", "Lista6_Ex6\Lista6_Ex6.csproj", "{4EC8D5DF-9114-4DA2-A512-1F64DEE828B9}"
EndProject
Project("{FAE04EC0-301F-11D3-BF4B-00C04F79EFBC}") = "Lista6_Ex8", "Lista6_Ex8\Lista6_Ex8.csproj", "{48A7D514-BA3A-4AF6-ACA1-D512C0F85671}"
EndProject
Project("{FAE04EC0-301F-11D3-BF4B-00C04F79EFBC}") = "ExemploClasse1", "ExemploClasse1\ExemploClasse1.csproj", "{EBFD95A3-7632-48CE-A448-97E58FF93D2B}"
EndProject
Project("{FAE04EC0-301F-11D3-BF4B-00C04F79EFBC}") = "Lista9_Ex2", "Lista9_Ex2\Lista9_Ex2.csproj", "{D7C6A74C-A565-4D56-819E-4AC91BEA18C5}"
EndProject
Global
	GlobalSection(SolutionConfigurationPlatforms) = preSolution
		Debug|Any CPU = Debug|Any CPU
		Release|Any CPU = Release|Any CPU
	EndGlobalSection
	GlobalSection(SolutionProperties) = preSolution
		HideSolutionNode = FALSE
	EndGlobalSection
	GlobalSection(ProjectConfigurationPlatforms) = postSolution
		{B7BE02E6-7F41-4542-8D5A-8EF878DEADCB}.Debug|Any CPU.ActiveCfg = Debug|Any CPU
		{B7BE02E6-7F41-4542-8D5A-8EF878DEADCB}.Debug|Any CPU.Build.0 = Debug|Any CPU
		{B7BE02E6-7F41-4542-8D5A-8EF878DEADCB}.Release|Any CPU.ActiveCfg = Release|Any CPU
		{B7BE02E6-7F41-4542-8D5A-8EF878DEADCB}.Release|Any CPU.Build.0 = Release|Any CPU
		{8FBD2687-DF96-4BAC-81B9-0940BDE1268B}.Debug|Any CPU.ActiveCfg = Debug|Any CPU
		{8FBD2687-DF96-4BAC-81B9-0940BDE1268B}.Debug|Any CPU.Build.0 = Debug|Any CPU
		{8FBD2687-DF96-4BAC-81B9-0940BDE1268B}.Release|Any CPU.ActiveCfg = Release|Any CPU
		{8FBD2687-DF96-4BAC-81B9-0940BDE1268B}.Release|Any CPU.Build.0 = Release|Any CPU
		{84895056-DB12-4271-8ABA-54A100E739F2}.Debug|Any CPU.ActiveCfg = Debug|Any CPU
		{84895056-DB12-4271-8ABA-54A100E739F2}.Debug|Any CPU.Build.0 = Debug|Any CPU
		{84895056-DB12-4271-8ABA-54A100E739F2}.Release|Any CPU.ActiveCfg = Release|Any CPU
		{84895056-DB12-4271-8ABA-54A100E739F2}.Release|Any CPU.Build.0 = Release|Any CPU
		{B738FB93-839A-4729-95F0-674C01C7B925}.Debug|Any CPU.ActiveCfg = Debug|Any CPU
		{B738FB93-839A-4729-95F0-674C01C7B925}.Debug|Any CPU.Build.0 = Debug|Any CPU
		{B738FB93-839A-4729-95F0-674C01C7B925}.Release|Any CPU.ActiveCfg = Release|Any CPU
		{B738FB93-839A-4729-95F0-674C01C7B925}.Release|Any CPU.Build.0 = Release|Any CPU
		{9AA11F25-3C34-44EE-BF10-FCE59DA0842E}.Debug|Any CPU.ActiveCfg = Debug|Any CPU
		{9AA11F25-3C34-44EE-BF10-FCE59DA0842E}.Debug|Any CPU.Build.0 = Debug|Any CPU
		{9AA11F25-3C34-44EE-BF10-FCE59DA0842E}.Release|Any CPU.ActiveCfg = Release|Any CPU
		{9AA11F25-3C34-44EE-BF10-FCE59DA0842E}.Release|Any CPU.Build.0 = Release|Any CPU
		{24D3FC76-D2A9-4F19-A64A-E6F03C805E0F}.Debug|Any CPU.ActiveCfg = Debug|Any CPU
		{24D3FC76-D2A9-4F19-A64A-E6F03C805E0F}.Debug|Any CPU.Build.0 = Debug|Any CPU
		{24D3FC76-D2A9-4F19-A64A-E6F03C805E0F}.Release|Any CPU.ActiveCfg = Release|Any CPU
		{24D3FC76-D2A9-4F19-A64A-E6F03C805E0F}.Release|Any CPU.Build.0 = Release|Any CPU
		{BA5B3892-19C6-454A-B4C4-6A7FC8B6798F}.Debug|Any CPU.ActiveCfg = Debug|Any CPU
		{BA5B3892-19C6-454A-B4C4-6A7FC8B6798F}.Debug|Any CPU.Build.0 = Debug|Any CPU
		{BA5B3892-19C6-454A-B4C4-6A7FC8B6798F}.Release|Any CPU.ActiveCfg = Release|Any CPU
		{BA5B3892-19C6-454A-B4C4-6A7FC8B6798F}.Release|Any CPU.Build.0 = Release|Any CPU
		{135EDF3D-16E7-4C5F-97C3-C6C7660511B8}.Debug|Any CPU.ActiveCfg = Debug|Any CPU
		{135EDF3D-16E7-4C5F-97C3-C6C7660511B8}.Debug|Any CPU.Build.0 = Debug|Any CPU
		{135EDF3D-16E7-4C5F-97C3-C6C7660511B8}.Release|Any CPU.ActiveCfg = Release|Any CPU
		{135EDF3D-16E7-4C5F-97C3-C6C7660511B8}.Release|Any CPU.Build.0 = Release|Any CPU
		{DAE1E95B-69F1-4A63-BA88-1E8F5C7C0298}.Debug|Any CPU.ActiveCfg = Debug|Any CPU
		{DAE1E95B-69F1-4A63-BA88-1E8F5C7C0298}.Debug|Any CPU.Build.0 = Debug|Any CPU
		{DAE1E95B-69F1-4A63-BA88-1E8F5C7C0298}.Release|Any CPU.ActiveCfg = Release|Any CPU
		{DAE1E95B-69F1-4A63-BA88-1E8F5C7C0298}.Release|Any CPU.Build.0 = Release|Any CPU
		{69651734-96BA-4B60-B6A1-0F905DE17E73}.Debug|Any CPU.ActiveCfg = Debug|Any CPU
		{69651734-96BA-4B60-B6A1-0F905DE17E73}.Debug|Any CPU.Build.0 = Debug|Any CPU
		{69651734-96BA-4B60-B6A1-0F905DE17E73}.Release|Any CPU.ActiveCfg = Release|Any CPU
		{69651734-96BA-4B60-B6A1-0F905DE17E73}.Release|Any CPU.Build.0 = Release|Any CPU
		{66E2CC4C-E9C8-4400-A847-37E7655A3DEC}.Debug|Any CPU.ActiveCfg = Debug|Any CPU
		{66E2CC4C-E9C8-4400-A847-37E7655A3DEC}.Debug|Any CPU.Build.0 = Debug|Any CPU
		{66E2CC4C-E9C8-4400-A847-37E7655A3DEC}.Release|Any CPU.ActiveCfg = Release|Any CPU
		{66E2CC4C-E9C8-4400-A847-37E7655A3DEC}.Release|Any CPU.Build.0 = Release|Any CPU
		{41D6C906-46F4-48BE-A81B-57FC0CE589B3}.Debug|Any CPU.ActiveCfg = Debug|Any CPU
		{41D6C906-46F4-48BE-A81B-57FC0CE589B3}.Debug|Any CPU.Build.0 = Debug|Any CPU
		{41D6C906-46F4-48BE-A81B-57FC0CE589B3}.Release|Any CPU.ActiveCfg = Release|Any CPU
		{41D6C906-46F4-48BE-A81B-57FC0CE589B3}.Release|Any CPU.Build.0 = Release|Any CPU
		{C548B026-0D89-4312-BA2E-9FE54EDC92EB}.Debug|Any CPU.ActiveCfg = Debug|Any CPU
		{C548B026-0D89-4312-BA2E-9FE54EDC92EB}.Debug|Any CPU.Build.0 = Debug|Any CPU
		{C548B026-0D89-4312-BA2E-9FE54EDC92EB}.Release|Any CPU.ActiveCfg = Release|Any CPU
		{C548B026-0D89-4312-BA2E-9FE54EDC92EB}.Release|Any CPU.Build.0 = Release|Any CPU
		{48D95DB6-0E89-4806-87B8-523D4710DFB4}.Debug|Any CPU.ActiveCfg = Debug|Any CPU
		{48D95DB6-0E89-4806-87B8-523D4710DFB4}.Debug|Any CPU.Build.0 = Debug|Any CPU
		{48D95DB6-0E89-4806-87B8-523D4710DFB4}.Release|Any CPU.ActiveCfg = Release|Any CPU
		{48D95DB6-0E89-4806-87B8-523D4710DFB4}.Release|Any CPU.Build.0 = Release|Any CPU
		{5921B8F9-0F08-4002-A561-76CC84A47E1B}.Debug|Any CPU.ActiveCfg = Debug|Any CPU
		{5921B8F9-0F08-4002-A561-76CC84A47E1B}.Debug|Any CPU.Build.0 = Debug|Any CPU
		{5921B8F9-0F08-4002-A561-76CC84A47E1B}.Release|Any CPU.ActiveCfg = Release|Any CPU
		{5921B8F9-0F08-4002-A561-76CC84A47E1B}.Release|Any CPU.Build.0 = Release|Any CPU
		{706B07EB-2F62-498D-A6B4-565D5917E116}.Debug|Any CPU.ActiveCfg = Debug|Any CPU
		{706B07EB-2F62-498D-A6B4-565D5917E116}.Debug|Any CPU.Build.0 = Debug|Any CPU
		{706B07EB-2F62-498D-A6B4-565D5917E116}.Release|Any CPU.ActiveCfg = Release|Any CPU
		{706B07EB-2F62-498D-A6B4-565D5917E116}.Release|Any CPU.Build.0 = Release|Any CPU
		{B8A13AEA-A1E4-4311-AFD4-F30304AB09EB}.Debug|Any CPU.ActiveCfg = Debug|Any CPU
		{B8A13AEA-A1E4-4311-AFD4-F30304AB09EB}.Debug|Any CPU.Build.0 = Debug|Any CPU
		{B8A13AEA-A1E4-4311-AFD4-F30304AB09EB}.Release|Any CPU.ActiveCfg = Release|Any CPU
		{B8A13AEA-A1E4-4311-AFD4-F30304AB09EB}.Release|Any CPU.Build.0 = Release|Any CPU
		{442C4243-B947-4640-9AA8-2235C2AC31A5}.Debug|Any CPU.ActiveCfg = Debug|Any CPU
		{442C4243-B947-4640-9AA8-2235C2AC31A5}.Debug|Any CPU.Build.0 = Debug|Any CPU
		{442C4243-B947-4640-9AA8-2235C2AC31A5}.Release|Any CPU.ActiveCfg = Release|Any CPU
		{442C4243-B947-4640-9AA8-2235C2AC31A5}.Release|Any CPU.Build.0 = Release|Any CPU
		{51DFEB4C-9C7A-42DE-9311-451934F0B834}.Debug|Any CPU.ActiveCfg = Debug|Any CPU
		{51DFEB4C-9C7A-42DE-9311-451934F0B834}.Debug|Any CPU.Build.0 = Debug|Any CPU
		{51DFEB4C-9C7A-42DE-9311-451934F0B834}.Release|Any CPU.ActiveCfg = Release|Any CPU
		{51DFEB4C-9C7A-42DE-9311-451934F0B834}.Release|Any CPU.Build.0 = Release|Any CPU
		{F213D1C0-9438-41A5-8830-7631AD820EA4}.Debug|Any CPU.ActiveCfg = Debug|Any CPU
		{F213D1C0-9438-41A5-8830-7631AD820EA4}.Debug|Any CPU.Build.0 = Debug|Any CPU
		{F213D1C0-9438-41A5-8830-7631AD820EA4}.Release|Any CPU.ActiveCfg = Release|Any CPU
		{F213D1C0-9438-41A5-8830-7631AD820EA4}.Release|Any CPU.Build.0 = Release|Any CPU
		{61ABEBA1-1235-4E03-BC6B-AFBFC3858106}.Debug|Any CPU.ActiveCfg = Debug|Any CPU
		{61ABEBA1-1235-4E03-BC6B-AFBFC3858106}.Debug|Any CPU.Build.0 = Debug|Any CPU
		{61ABEBA1-1235-4E03-BC6B-AFBFC3858106}.Release|Any CPU.ActiveCfg = Release|Any CPU
		{61ABEBA1-1235-4E03-BC6B-AFBFC3858106}.Release|Any CPU.Build.0 = Release|Any CPU
		{2EB36293-FBEB-4391-9DEC-2AD9D2B4941C}.Debug|Any CPU.ActiveCfg = Debug|Any CPU
		{2EB36293-FBEB-4391-9DEC-2AD9D2B4941C}.Debug|Any CPU.Build.0 = Debug|Any CPU
		{2EB36293-FBEB-4391-9DEC-2AD9D2B4941C}.Release|Any CPU.ActiveCfg = Release|Any CPU
		{2EB36293-FBEB-4391-9DEC-2AD9D2B4941C}.Release|Any CPU.Build.0 = Release|Any CPU
		{76B111B9-9B6A-4A71-B465-052332388013}.Debug|Any CPU.ActiveCfg = Debug|Any CPU
		{76B111B9-9B6A-4A71-B465-052332388013}.Debug|Any CPU.Build.0 = Debug|Any CPU
		{76B111B9-9B6A-4A71-B465-052332388013}.Release|Any CPU.ActiveCfg = Release|Any CPU
		{76B111B9-9B6A-4A71-B465-052332388013}.Release|Any CPU.Build.0 = Release|Any CPU
		{2B6B2F4B-A370-4C41-BB3D-6F8E7B0852DA}.Debug|Any CPU.ActiveCfg = Debug|Any CPU
		{2B6B2F4B-A370-4C41-BB3D-6F8E7B0852DA}.Debug|Any CPU.Build.0 = Debug|Any CPU
		{2B6B2F4B-A370-4C41-BB3D-6F8E7B0852DA}.Release|Any CPU.ActiveCfg = Release|Any CPU
		{2B6B2F4B-A370-4C41-BB3D-6F8E7B0852DA}.Release|Any CPU.Build.0 = Release|Any CPU
		{DC23B589-6DB8-4B17-A985-EE0BD9675950}.Debug|Any CPU.ActiveCfg = Debug|Any CPU
		{DC23B589-6DB8-4B17-A985-EE0BD9675950}.Debug|Any CPU.Build.0 = Debug|Any CPU
		{DC23B589-6DB8-4B17-A985-EE0BD9675950}.Release|Any CPU.ActiveCfg = Release|Any CPU
		{DC23B589-6DB8-4B17-A985-EE0BD9675950}.Release|Any CPU.Build.0 = Release|Any CPU
		{18A9B612-F6ED-40A2-8279-C61D9ACC39A2}.Debug|Any CPU.ActiveCfg = Debug|Any CPU
		{18A9B612-F6ED-40A2-8279-C61D9ACC39A2}.Debug|Any CPU.Build.0 = Debug|Any CPU
		{18A9B612-F6ED-40A2-8279-C61D9ACC39A2}.Release|Any CPU.ActiveCfg = Release|Any CPU
		{18A9B612-F6ED-40A2-8279-C61D9ACC39A2}.Release|Any CPU.Build.0 = Release|Any CPU
		{2A767493-1BE8-4EF0-BDBC-88BDA7B86C9F}.Debug|Any CPU.ActiveCfg = Debug|Any CPU
		{2A767493-1BE8-4EF0-BDBC-88BDA7B86C9F}.Debug|Any CPU.Build.0 = Debug|Any CPU
		{2A767493-1BE8-4EF0-BDBC-88BDA7B86C9F}.Release|Any CPU.ActiveCfg = Release|Any CPU
		{2A767493-1BE8-4EF0-BDBC-88BDA7B86C9F}.Release|Any CPU.Build.0 = Release|Any CPU
		{24CB5532-42D7-4F20-85EA-DD49B8FC43E7}.Debug|Any CPU.ActiveCfg = Debug|Any CPU
		{24CB5532-42D7-4F20-85EA-DD49B8FC43E7}.Debug|Any CPU.Build.0 = Debug|Any CPU
		{24CB5532-42D7-4F20-85EA-DD49B8FC43E7}.Release|Any CPU.ActiveCfg = Release|Any CPU
		{24CB5532-42D7-4F20-85EA-DD49B8FC43E7}.Release|Any CPU.Build.0 = Release|Any CPU
		{FA09FCFB-099B-40EA-8AE3-CF45C542B01C}.Debug|Any CPU.ActiveCfg = Debug|Any CPU
		{FA09FCFB-099B-40EA-8AE3-CF45C542B01C}.Debug|Any CPU.Build.0 = Debug|Any CPU
		{FA09FCFB-099B-40EA-8AE3-CF45C542B01C}.Release|Any CPU.ActiveCfg = Release|Any CPU
		{FA09FCFB-099B-40EA-8AE3-CF45C542B01C}.Release|Any CPU.Build.0 = Release|Any CPU
		{0CC35702-F140-4303-B385-D07EDE42F36F}.Debug|Any CPU.ActiveCfg = Debug|Any CPU
		{0CC35702-F140-4303-B385-D07EDE42F36F}.Debug|Any CPU.Build.0 = Debug|Any CPU
		{0CC35702-F140-4303-B385-D07EDE42F36F}.Release|Any CPU.ActiveCfg = Release|Any CPU
		{0CC35702-F140-4303-B385-D07EDE42F36F}.Release|Any CPU.Build.0 = Release|Any CPU
		{3B1790B8-A83D-4453-9B85-B43A0598500E}.Debug|Any CPU.ActiveCfg = Debug|Any CPU
		{3B1790B8-A83D-4453-9B85-B43A0598500E}.Debug|Any CPU.Build.0 = Debug|Any CPU
		{3B1790B8-A83D-4453-9B85-B43A0598500E}.Release|Any CPU.ActiveCfg = Release|Any CPU
		{3B1790B8-A83D-4453-9B85-B43A0598500E}.Release|Any CPU.Build.0 = Release|Any CPU
		{3E048BB4-AC54-44FC-9C9E-7F24CC3B7DA8}.Debug|Any CPU.ActiveCfg = Debug|Any CPU
		{3E048BB4-AC54-44FC-9C9E-7F24CC3B7DA8}.Debug|Any CPU.Build.0 = Debug|Any CPU
		{3E048BB4-AC54-44FC-9C9E-7F24CC3B7DA8}.Release|Any CPU.ActiveCfg = Release|Any CPU
		{3E048BB4-AC54-44FC-9C9E-7F24CC3B7DA8}.Release|Any CPU.Build.0 = Release|Any CPU
		{174D3657-E740-475E-AE58-5109F4ECEA53}.Debug|Any CPU.ActiveCfg = Debug|Any CPU
		{174D3657-E740-475E-AE58-5109F4ECEA53}.Debug|Any CPU.Build.0 = Debug|Any CPU
		{174D3657-E740-475E-AE58-5109F4ECEA53}.Release|Any CPU.ActiveCfg = Release|Any CPU
		{174D3657-E740-475E-AE58-5109F4ECEA53}.Release|Any CPU.Build.0 = Release|Any CPU
		{802B08A2-FD34-47C3-B84F-21874C066AE4}.Debug|Any CPU.ActiveCfg = Debug|Any CPU
		{802B08A2-FD34-47C3-B84F-21874C066AE4}.Debug|Any CPU.Build.0 = Debug|Any CPU
		{802B08A2-FD34-47C3-B84F-21874C066AE4}.Release|Any CPU.ActiveCfg = Release|Any CPU
		{802B08A2-FD34-47C3-B84F-21874C066AE4}.Release|Any CPU.Build.0 = Release|Any CPU
		{4EC8D5DF-9114-4DA2-A512-1F64DEE828B9}.Debug|Any CPU.ActiveCfg = Debug|Any CPU
		{4EC8D5DF-9114-4DA2-A512-1F64DEE828B9}.Debug|Any CPU.Build.0 = Debug|Any CPU
		{4EC8D5DF-9114-4DA2-A512-1F64DEE828B9}.Release|Any CPU.ActiveCfg = Release|Any CPU
		{4EC8D5DF-9114-4DA2-A512-1F64DEE828B9}.Release|Any CPU.Build.0 = Release|Any CPU
		{48A7D514-BA3A-4AF6-ACA1-D512C0F85671}.Debug|Any CPU.ActiveCfg = Debug|Any CPU
		{48A7D514-BA3A-4AF6-ACA1-D512C0F85671}.Debug|Any CPU.Build.0 = Debug|Any CPU
		{48A7D514-BA3A-4AF6-ACA1-D512C0F85671}.Release|Any CPU.ActiveCfg = Release|Any CPU
		{48A7D514-BA3A-4AF6-ACA1-D512C0F85671}.Release|Any CPU.Build.0 = Release|Any CPU
		{EBFD95A3-7632-48CE-A448-97E58FF93D2B}.Debug|Any CPU.ActiveCfg = Debug|Any CPU
		{EBFD95A3-7632-48CE-A448-97E58FF93D2B}.Debug|Any CPU.Build.0 = Debug|Any CPU
		{EBFD95A3-7632-48CE-A448-97E58FF93D2B}.Release|Any CPU.ActiveCfg = Release|Any CPU
		{EBFD95A3-7632-48CE-A448-97E58FF93D2B}.Release|Any CPU.Build.0 = Release|Any CPU
		{D7C6A74C-A565-4D56-819E-4AC91BEA18C5}.Debug|Any CPU.ActiveCfg = Debug|Any CPU
		{D7C6A74C-A565-4D56-819E-4AC91BEA18C5}.Debug|Any CPU.Build.0 = Debug|Any CPU
		{D7C6A74C-A565-4D56-819E-4AC91BEA18C5}.Release|Any CPU.ActiveCfg = Release|Any CPU
		{D7C6A74C-A565-4D56-819E-4AC91BEA18C5}.Release|Any CPU.Build.0 = Release|Any CPU
	EndGlobalSection
EndGlobal
